
Microsoft Visual Studio Solution File, Format Version 12.00
# Visual Studio Version 17
VisualStudioVersion = 17.4.33213.308
MinimumVisualStudioVersion = 10.0.40219.1
Project("{FAE04EC0-301F-11D3-BF4B-00C04F79EFBC}") = "LinqPlayground", "LinqPlayground.csproj", "{A7C23355-5A8A-443E-B5C9-F7171CC5D851}"
EndProject
Global
	GlobalSection(SolutionConfigurationPlatforms) = preSolution
		Debug|Any CPU = Debug|Any CPU
		Release|Any CPU = Release|Any CPU
	EndGlobalSection
	GlobalSection(ProjectConfigurationPlatforms) = postSolution
		{A7C23355-5A8A-443E-B5C9-F7171CC5D851}.Debug|Any CPU.ActiveCfg = Debug|Any CPU
		{A7C23355-5A8A-443E-B5C9-F7171CC5D851}.Debug|Any CPU.Build.0 = Debug|Any CPU
		{A7C23355-5A8A-443E-B5C9-F7171CC5D851}.Release|Any CPU.ActiveCfg = Release|Any CPU
		{A7C23355-5A8A-443E-B5C9-F7171CC5D851}.Release|Any CPU.Build.0 = Release|Any CPU
	EndGlobalSection
	GlobalSection(SolutionProperties) = preSolution
		HideSolutionNode = FALSE
	EndGlobalSection
	GlobalSection(ExtensibilityGlobals) = postSolution
		SolutionGuid = {FD424B64-3E64-4561-B608-77F083F6CC2C}
	EndGlobalSection
EndGlobal
